// !$*UTF8*$!
{
	archiveVersion = 1;
	classes = {
	};
	objectVersion = 46;
	objects = {

/* Begin PBXBuildFile section */
		2FF612C6E2B5A50B9DB2E4FB /* libPods-ReactiveHackerNews.a in Frameworks */ = {isa = PBXBuildFile; fileRef = 1D8AEE4C6CD366FDF968012A /* libPods-ReactiveHackerNews.a */; };
		440DFCE7CE9566B314AA5C95 /* libPods-HackerNewsToday.a in Frameworks */ = {isa = PBXBuildFile; fileRef = 2D2405AD412DEF1E6F9D5231 /* libPods-HackerNewsToday.a */; };
		804853EA1A89166D008C0D75 /* main.m in Sources */ = {isa = PBXBuildFile; fileRef = 804853E91A89166D008C0D75 /* main.m */; };
		804853ED1A89166D008C0D75 /* AppDelegate.m in Sources */ = {isa = PBXBuildFile; fileRef = 804853EC1A89166D008C0D75 /* AppDelegate.m */; };
		804853F01A89166D008C0D75 /* ViewController.m in Sources */ = {isa = PBXBuildFile; fileRef = 804853EF1A89166D008C0D75 /* ViewController.m */; };
		804853F31A89166D008C0D75 /* Main.storyboard in Resources */ = {isa = PBXBuildFile; fileRef = 804853F11A89166D008C0D75 /* Main.storyboard */; };
		804853F51A89166D008C0D75 /* Images.xcassets in Resources */ = {isa = PBXBuildFile; fileRef = 804853F41A89166D008C0D75 /* Images.xcassets */; };
		804853F81A89166D008C0D75 /* LaunchScreen.xib in Resources */ = {isa = PBXBuildFile; fileRef = 804853F61A89166D008C0D75 /* LaunchScreen.xib */; };
		804854041A89166D008C0D75 /* ReactiveHackerNewsTests.m in Sources */ = {isa = PBXBuildFile; fileRef = 804854031A89166D008C0D75 /* ReactiveHackerNewsTests.m */; };
		8049BB941AABF451002F1A83 /* NotificationCenter.framework in Frameworks */ = {isa = PBXBuildFile; fileRef = 8049BB931AABF451002F1A83 /* NotificationCenter.framework */; };
		8049BB9A1AABF451002F1A83 /* TodayViewController.m in Sources */ = {isa = PBXBuildFile; fileRef = 8049BB991AABF451002F1A83 /* TodayViewController.m */; };
		8049BB9C1AABF451002F1A83 /* MainInterface.storyboard in Resources */ = {isa = PBXBuildFile; fileRef = 8049BB9B1AABF451002F1A83 /* MainInterface.storyboard */; };
		8049BB9F1AABF451002F1A83 /* HackerNewsToday.appex in Embed App Extensions */ = {isa = PBXBuildFile; fileRef = 8049BB921AABF451002F1A83 /* HackerNewsToday.appex */; settings = {ATTRIBUTES = (RemoveHeadersOnCopy, ); }; };
		8049BBA41AAC331F002F1A83 /* HNClient.m in Sources */ = {isa = PBXBuildFile; fileRef = 8056EE051A899905007FDB85 /* HNClient.m */; };
		8049BBA81AAC38CC002F1A83 /* RHNTodayCell.m in Sources */ = {isa = PBXBuildFile; fileRef = 8049BBA61AAC38CC002F1A83 /* RHNTodayCell.m */; };
		8049BBA91AAC38CC002F1A83 /* RHNTodayCell.xib in Resources */ = {isa = PBXBuildFile; fileRef = 8049BBA71AAC38CC002F1A83 /* RHNTodayCell.xib */; };
		805115D81A8A3AFB00E31650 /* UIView+Nib.m in Sources */ = {isa = PBXBuildFile; fileRef = 805115D71A8A3AFB00E31650 /* UIView+Nib.m */; };
		805115DB1A8A3B0F00E31650 /* CardView.m in Sources */ = {isa = PBXBuildFile; fileRef = 805115DA1A8A3B0F00E31650 /* CardView.m */; };
		805115DD1A8A3B1B00E31650 /* CardView.xib in Resources */ = {isa = PBXBuildFile; fileRef = 805115DC1A8A3B1B00E31650 /* CardView.xib */; };
		805115E01A8A427500E31650 /* ViewModel.m in Sources */ = {isa = PBXBuildFile; fileRef = 805115DF1A8A427500E31650 /* ViewModel.m */; };
		805115E31A8A441600E31650 /* StoryViewModel.m in Sources */ = {isa = PBXBuildFile; fileRef = 805115E21A8A441600E31650 /* StoryViewModel.m */; };
		805115E61A8A4E8100E31650 /* ReadabilityClient.m in Sources */ = {isa = PBXBuildFile; fileRef = 805115E51A8A4E8100E31650 /* ReadabilityClient.m */; };
		805115EC1A8B083600E31650 /* AboutTableViewController.m in Sources */ = {isa = PBXBuildFile; fileRef = 805115EB1A8B083600E31650 /* AboutTableViewController.m */; };
		805115EF1A8B10BC00E31650 /* StoryViewController.m in Sources */ = {isa = PBXBuildFile; fileRef = 805115EE1A8B10BC00E31650 /* StoryViewController.m */; };
		8056EE061A899905007FDB85 /* HNClient.m in Sources */ = {isa = PBXBuildFile; fileRef = 8056EE051A899905007FDB85 /* HNClient.m */; };
		80598CB01A9F169D000B03CE /* UIWebView+RAC.m in Sources */ = {isa = PBXBuildFile; fileRef = 80598CAF1A9F169D000B03CE /* UIWebView+RAC.m */; };
		80B5592F1AAC77AD003A8C62 /* Images.xcassets in Resources */ = {isa = PBXBuildFile; fileRef = 804853F41A89166D008C0D75 /* Images.xcassets */; };
		80B8C91E1AA566E0008E5FCE /* StoryViewModelTests.m in Sources */ = {isa = PBXBuildFile; fileRef = 80B8C91D1AA566E0008E5FCE /* StoryViewModelTests.m */; };
		80B8C91F1AA5674F008E5FCE /* StoryViewModel.m in Sources */ = {isa = PBXBuildFile; fileRef = 805115E21A8A441600E31650 /* StoryViewModel.m */; };
		80B8C9201AA56B91008E5FCE /* HNClient.m in Sources */ = {isa = PBXBuildFile; fileRef = 8056EE051A899905007FDB85 /* HNClient.m */; };
		80B8C9211AA56B9D008E5FCE /* ReadabilityClient.m in Sources */ = {isa = PBXBuildFile; fileRef = 805115E51A8A4E8100E31650 /* ReadabilityClient.m */; };
		80BAE0D11AA1ED8A004F4242 /* Crashlytics.framework in Frameworks */ = {isa = PBXBuildFile; fileRef = 80BAE0CF1AA1ED8A004F4242 /* Crashlytics.framework */; };
		80BAE0D21AA1ED8A004F4242 /* Fabric.framework in Frameworks */ = {isa = PBXBuildFile; fileRef = 80BAE0D01AA1ED8A004F4242 /* Fabric.framework */; };
		E3685A1C46E11A7FBC1FFAB2 /* libPods-ReactiveHackerNewsTests.a in Frameworks */ = {isa = PBXBuildFile; fileRef = 4B85FC12ECC6234B549F201F /* libPods-ReactiveHackerNewsTests.a */; };
/* End PBXBuildFile section */

/* Begin PBXContainerItemProxy section */
		804853FE1A89166D008C0D75 /* PBXContainerItemProxy */ = {
			isa = PBXContainerItemProxy;
			containerPortal = 804853DC1A89166D008C0D75 /* Project object */;
			proxyType = 1;
			remoteGlobalIDString = 804853E31A89166D008C0D75;
			remoteInfo = ReactiveHackerNews;
		};
		8049BB9D1AABF451002F1A83 /* PBXContainerItemProxy */ = {
			isa = PBXContainerItemProxy;
			containerPortal = 804853DC1A89166D008C0D75 /* Project object */;
			proxyType = 1;
			remoteGlobalIDString = 8049BB911AABF451002F1A83;
			remoteInfo = HackerNewsToday;
		};
/* End PBXContainerItemProxy section */

/* Begin PBXCopyFilesBuildPhase section */
		8049BBA31AABF451002F1A83 /* Embed App Extensions */ = {
			isa = PBXCopyFilesBuildPhase;
			buildActionMask = 2147483647;
			dstPath = "";
			dstSubfolderSpec = 13;
			files = (
				8049BB9F1AABF451002F1A83 /* HackerNewsToday.appex in Embed App Extensions */,
			);
			name = "Embed App Extensions";
			runOnlyForDeploymentPostprocessing = 0;
		};
/* End PBXCopyFilesBuildPhase section */

/* Begin PBXFileReference section */
		1D8AEE4C6CD366FDF968012A /* libPods-ReactiveHackerNews.a */ = {isa = PBXFileReference; explicitFileType = archive.ar; includeInIndex = 0; path = "libPods-ReactiveHackerNews.a"; sourceTree = BUILT_PRODUCTS_DIR; };
		2D2405AD412DEF1E6F9D5231 /* libPods-HackerNewsToday.a */ = {isa = PBXFileReference; explicitFileType = archive.ar; includeInIndex = 0; path = "libPods-HackerNewsToday.a"; sourceTree = BUILT_PRODUCTS_DIR; };
		3C6921C0EB41B1EBEDE6087E /* Pods-ReactiveHackerNewsTests.debug.xcconfig */ = {isa = PBXFileReference; includeInIndex = 1; lastKnownFileType = text.xcconfig; name = "Pods-ReactiveHackerNewsTests.debug.xcconfig"; path = "Pods/Target Support Files/Pods-ReactiveHackerNewsTests/Pods-ReactiveHackerNewsTests.debug.xcconfig"; sourceTree = "<group>"; };
		47AF55FF918D3C2186D3604D /* Pods-ReactiveHackerNews.release.xcconfig */ = {isa = PBXFileReference; includeInIndex = 1; lastKnownFileType = text.xcconfig; name = "Pods-ReactiveHackerNews.release.xcconfig"; path = "Pods/Target Support Files/Pods-ReactiveHackerNews/Pods-ReactiveHackerNews.release.xcconfig"; sourceTree = "<group>"; };
		4B85FC12ECC6234B549F201F /* libPods-ReactiveHackerNewsTests.a */ = {isa = PBXFileReference; explicitFileType = archive.ar; includeInIndex = 0; path = "libPods-ReactiveHackerNewsTests.a"; sourceTree = BUILT_PRODUCTS_DIR; };
		74428AF308B1AF9ABC26B7C6 /* Pods-ReactiveHackerNews.debug.xcconfig */ = {isa = PBXFileReference; includeInIndex = 1; lastKnownFileType = text.xcconfig; name = "Pods-ReactiveHackerNews.debug.xcconfig"; path = "Pods/Target Support Files/Pods-ReactiveHackerNews/Pods-ReactiveHackerNews.debug.xcconfig"; sourceTree = "<group>"; };
		804853E41A89166D008C0D75 /* ReactiveHackerNews.app */ = {isa = PBXFileReference; explicitFileType = wrapper.application; includeInIndex = 0; path = ReactiveHackerNews.app; sourceTree = BUILT_PRODUCTS_DIR; };
		804853E81A89166D008C0D75 /* Info.plist */ = {isa = PBXFileReference; lastKnownFileType = text.plist.xml; path = Info.plist; sourceTree = "<group>"; };
		804853E91A89166D008C0D75 /* main.m */ = {isa = PBXFileReference; lastKnownFileType = sourcecode.c.objc; path = main.m; sourceTree = "<group>"; };
		804853EB1A89166D008C0D75 /* AppDelegate.h */ = {isa = PBXFileReference; lastKnownFileType = sourcecode.c.h; path = AppDelegate.h; sourceTree = "<group>"; };
		804853EC1A89166D008C0D75 /* AppDelegate.m */ = {isa = PBXFileReference; lastKnownFileType = sourcecode.c.objc; path = AppDelegate.m; sourceTree = "<group>"; };
		804853EE1A89166D008C0D75 /* ViewController.h */ = {isa = PBXFileReference; lastKnownFileType = sourcecode.c.h; path = ViewController.h; sourceTree = "<group>"; };
		804853EF1A89166D008C0D75 /* ViewController.m */ = {isa = PBXFileReference; lastKnownFileType = sourcecode.c.objc; path = ViewController.m; sourceTree = "<group>"; };
		804853F21A89166D008C0D75 /* Base */ = {isa = PBXFileReference; lastKnownFileType = file.storyboard; name = Base; path = Base.lproj/Main.storyboard; sourceTree = "<group>"; };
		804853F41A89166D008C0D75 /* Images.xcassets */ = {isa = PBXFileReference; lastKnownFileType = folder.assetcatalog; path = Images.xcassets; sourceTree = "<group>"; };
		804853F71A89166D008C0D75 /* Base */ = {isa = PBXFileReference; lastKnownFileType = file.xib; name = Base; path = Base.lproj/LaunchScreen.xib; sourceTree = "<group>"; };
		804853FD1A89166D008C0D75 /* ReactiveHackerNewsTests.xctest */ = {isa = PBXFileReference; explicitFileType = wrapper.cfbundle; includeInIndex = 0; path = ReactiveHackerNewsTests.xctest; sourceTree = BUILT_PRODUCTS_DIR; };
		804854021A89166D008C0D75 /* Info.plist */ = {isa = PBXFileReference; lastKnownFileType = text.plist.xml; path = Info.plist; sourceTree = "<group>"; };
		804854031A89166D008C0D75 /* ReactiveHackerNewsTests.m */ = {isa = PBXFileReference; lastKnownFileType = sourcecode.c.objc; path = ReactiveHackerNewsTests.m; sourceTree = "<group>"; };
		8049BB921AABF451002F1A83 /* HackerNewsToday.appex */ = {isa = PBXFileReference; explicitFileType = "wrapper.app-extension"; includeInIndex = 0; path = HackerNewsToday.appex; sourceTree = BUILT_PRODUCTS_DIR; };
		8049BB931AABF451002F1A83 /* NotificationCenter.framework */ = {isa = PBXFileReference; lastKnownFileType = wrapper.framework; name = NotificationCenter.framework; path = System/Library/Frameworks/NotificationCenter.framework; sourceTree = SDKROOT; };
		8049BB971AABF451002F1A83 /* Info.plist */ = {isa = PBXFileReference; lastKnownFileType = text.plist.xml; path = Info.plist; sourceTree = "<group>"; };
		8049BB981AABF451002F1A83 /* TodayViewController.h */ = {isa = PBXFileReference; lastKnownFileType = sourcecode.c.h; path = TodayViewController.h; sourceTree = "<group>"; };
		8049BB991AABF451002F1A83 /* TodayViewController.m */ = {isa = PBXFileReference; lastKnownFileType = sourcecode.c.objc; path = TodayViewController.m; sourceTree = "<group>"; };
		8049BB9B1AABF451002F1A83 /* MainInterface.storyboard */ = {isa = PBXFileReference; lastKnownFileType = file.storyboard; path = MainInterface.storyboard; sourceTree = "<group>"; };
		8049BBA51AAC38CC002F1A83 /* RHNTodayCell.h */ = {isa = PBXFileReference; fileEncoding = 4; lastKnownFileType = sourcecode.c.h; path = RHNTodayCell.h; sourceTree = "<group>"; };
		8049BBA61AAC38CC002F1A83 /* RHNTodayCell.m */ = {isa = PBXFileReference; fileEncoding = 4; lastKnownFileType = sourcecode.c.objc; path = RHNTodayCell.m; sourceTree = "<group>"; };
		8049BBA71AAC38CC002F1A83 /* RHNTodayCell.xib */ = {isa = PBXFileReference; fileEncoding = 4; lastKnownFileType = file.xib; path = RHNTodayCell.xib; sourceTree = "<group>"; };
		805115D61A8A3AFB00E31650 /* UIView+Nib.h */ = {isa = PBXFileReference; fileEncoding = 4; lastKnownFileType = sourcecode.c.h; path = "UIView+Nib.h"; sourceTree = "<group>"; };
		805115D71A8A3AFB00E31650 /* UIView+Nib.m */ = {isa = PBXFileReference; fileEncoding = 4; lastKnownFileType = sourcecode.c.objc; path = "UIView+Nib.m"; sourceTree = "<group>"; };
		805115D91A8A3B0F00E31650 /* CardView.h */ = {isa = PBXFileReference; fileEncoding = 4; lastKnownFileType = sourcecode.c.h; path = CardView.h; sourceTree = "<group>"; };
		805115DA1A8A3B0F00E31650 /* CardView.m */ = {isa = PBXFileReference; fileEncoding = 4; lastKnownFileType = sourcecode.c.objc; path = CardView.m; sourceTree = "<group>"; };
		805115DC1A8A3B1B00E31650 /* CardView.xib */ = {isa = PBXFileReference; fileEncoding = 4; lastKnownFileType = file.xib; path = CardView.xib; sourceTree = "<group>"; };
		805115DE1A8A427500E31650 /* ViewModel.h */ = {isa = PBXFileReference; fileEncoding = 4; lastKnownFileType = sourcecode.c.h; path = ViewModel.h; sourceTree = "<group>"; };
		805115DF1A8A427500E31650 /* ViewModel.m */ = {isa = PBXFileReference; fileEncoding = 4; lastKnownFileType = sourcecode.c.objc; path = ViewModel.m; sourceTree = "<group>"; };
		805115E11A8A441600E31650 /* StoryViewModel.h */ = {isa = PBXFileReference; fileEncoding = 4; lastKnownFileType = sourcecode.c.h; path = StoryViewModel.h; sourceTree = "<group>"; };
		805115E21A8A441600E31650 /* StoryViewModel.m */ = {isa = PBXFileReference; fileEncoding = 4; lastKnownFileType = sourcecode.c.objc; path = StoryViewModel.m; sourceTree = "<group>"; };
		805115E41A8A4E8100E31650 /* ReadabilityClient.h */ = {isa = PBXFileReference; fileEncoding = 4; lastKnownFileType = sourcecode.c.h; path = ReadabilityClient.h; sourceTree = "<group>"; };
		805115E51A8A4E8100E31650 /* ReadabilityClient.m */ = {isa = PBXFileReference; fileEncoding = 4; lastKnownFileType = sourcecode.c.objc; path = ReadabilityClient.m; sourceTree = "<group>"; };
		805115EA1A8B083600E31650 /* AboutTableViewController.h */ = {isa = PBXFileReference; fileEncoding = 4; lastKnownFileType = sourcecode.c.h; path = AboutTableViewController.h; sourceTree = "<group>"; };
		805115EB1A8B083600E31650 /* AboutTableViewController.m */ = {isa = PBXFileReference; fileEncoding = 4; lastKnownFileType = sourcecode.c.objc; path = AboutTableViewController.m; sourceTree = "<group>"; };
		805115ED1A8B10BC00E31650 /* StoryViewController.h */ = {isa = PBXFileReference; fileEncoding = 4; lastKnownFileType = sourcecode.c.h; path = StoryViewController.h; sourceTree = "<group>"; };
		805115EE1A8B10BC00E31650 /* StoryViewController.m */ = {isa = PBXFileReference; fileEncoding = 4; lastKnownFileType = sourcecode.c.objc; path = StoryViewController.m; sourceTree = "<group>"; };
		8056EE041A899905007FDB85 /* HNClient.h */ = {isa = PBXFileReference; fileEncoding = 4; lastKnownFileType = sourcecode.c.h; path = HNClient.h; sourceTree = "<group>"; };
		8056EE051A899905007FDB85 /* HNClient.m */ = {isa = PBXFileReference; fileEncoding = 4; lastKnownFileType = sourcecode.c.objc; path = HNClient.m; sourceTree = "<group>"; };
		80598CAE1A9F169D000B03CE /* UIWebView+RAC.h */ = {isa = PBXFileReference; fileEncoding = 4; lastKnownFileType = sourcecode.c.h; path = "UIWebView+RAC.h"; sourceTree = "<group>"; };
		80598CAF1A9F169D000B03CE /* UIWebView+RAC.m */ = {isa = PBXFileReference; fileEncoding = 4; lastKnownFileType = sourcecode.c.objc; path = "UIWebView+RAC.m"; sourceTree = "<group>"; };
		80B8C91D1AA566E0008E5FCE /* StoryViewModelTests.m */ = {isa = PBXFileReference; fileEncoding = 4; lastKnownFileType = sourcecode.c.objc; path = StoryViewModelTests.m; sourceTree = "<group>"; };
		80BAE0CF1AA1ED8A004F4242 /* Crashlytics.framework */ = {isa = PBXFileReference; lastKnownFileType = wrapper.framework; path = Crashlytics.framework; sourceTree = "<group>"; };
		80BAE0D01AA1ED8A004F4242 /* Fabric.framework */ = {isa = PBXFileReference; lastKnownFileType = wrapper.framework; path = Fabric.framework; sourceTree = "<group>"; };
		98D9ED30658036127C26C738 /* Pods-HackerNewsToday.debug.xcconfig */ = {isa = PBXFileReference; includeInIndex = 1; lastKnownFileType = text.xcconfig; name = "Pods-HackerNewsToday.debug.xcconfig"; path = "Pods/Target Support Files/Pods-HackerNewsToday/Pods-HackerNewsToday.debug.xcconfig"; sourceTree = "<group>"; };
		C2FBC8306678252020B20BFB /* Pods-HackerNewsToday.release.xcconfig */ = {isa = PBXFileReference; includeInIndex = 1; lastKnownFileType = text.xcconfig; name = "Pods-HackerNewsToday.release.xcconfig"; path = "Pods/Target Support Files/Pods-HackerNewsToday/Pods-HackerNewsToday.release.xcconfig"; sourceTree = "<group>"; };
		CCBA16BFBFC5987EF152A622 /* Pods-ReactiveHackerNewsTests.release.xcconfig */ = {isa = PBXFileReference; includeInIndex = 1; lastKnownFileType = text.xcconfig; name = "Pods-ReactiveHackerNewsTests.release.xcconfig"; path = "Pods/Target Support Files/Pods-ReactiveHackerNewsTests/Pods-ReactiveHackerNewsTests.release.xcconfig"; sourceTree = "<group>"; };
/* End PBXFileReference section */

/* Begin PBXFrameworksBuildPhase section */
		804853E11A89166D008C0D75 /* Frameworks */ = {
			isa = PBXFrameworksBuildPhase;
			buildActionMask = 2147483647;
			files = (
				80BAE0D11AA1ED8A004F4242 /* Crashlytics.framework in Frameworks */,
				2FF612C6E2B5A50B9DB2E4FB /* libPods-ReactiveHackerNews.a in Frameworks */,
				80BAE0D21AA1ED8A004F4242 /* Fabric.framework in Frameworks */,
			);
			runOnlyForDeploymentPostprocessing = 0;
		};
		804853FA1A89166D008C0D75 /* Frameworks */ = {
			isa = PBXFrameworksBuildPhase;
			buildActionMask = 2147483647;
			files = (
				E3685A1C46E11A7FBC1FFAB2 /* libPods-ReactiveHackerNewsTests.a in Frameworks */,
			);
			runOnlyForDeploymentPostprocessing = 0;
		};
		8049BB8F1AABF451002F1A83 /* Frameworks */ = {
			isa = PBXFrameworksBuildPhase;
			buildActionMask = 2147483647;
			files = (
				8049BB941AABF451002F1A83 /* NotificationCenter.framework in Frameworks */,
				440DFCE7CE9566B314AA5C95 /* libPods-HackerNewsToday.a in Frameworks */,
			);
			runOnlyForDeploymentPostprocessing = 0;
		};
/* End PBXFrameworksBuildPhase section */

/* Begin PBXGroup section */
		5529945272E0F4BACA05EC02 /* Frameworks */ = {
			isa = PBXGroup;
			children = (
				80BAE0CF1AA1ED8A004F4242 /* Crashlytics.framework */,
				80BAE0D01AA1ED8A004F4242 /* Fabric.framework */,
				1D8AEE4C6CD366FDF968012A /* libPods-ReactiveHackerNews.a */,
				4B85FC12ECC6234B549F201F /* libPods-ReactiveHackerNewsTests.a */,
				8049BB931AABF451002F1A83 /* NotificationCenter.framework */,
				2D2405AD412DEF1E6F9D5231 /* libPods-HackerNewsToday.a */,
			);
			name = Frameworks;
			sourceTree = "<group>";
		};
		804853DB1A89166D008C0D75 = {
			isa = PBXGroup;
			children = (
				804853E61A89166D008C0D75 /* ReactiveHackerNews */,
				804854001A89166D008C0D75 /* ReactiveHackerNewsTests */,
				8049BB951AABF451002F1A83 /* HackerNewsToday */,
				804853E51A89166D008C0D75 /* Products */,
				A3705E35DDCCBA3CD01A28A8 /* Pods */,
				5529945272E0F4BACA05EC02 /* Frameworks */,
			);
			sourceTree = "<group>";
		};
		804853E51A89166D008C0D75 /* Products */ = {
			isa = PBXGroup;
			children = (
				804853E41A89166D008C0D75 /* ReactiveHackerNews.app */,
				804853FD1A89166D008C0D75 /* ReactiveHackerNewsTests.xctest */,
				8049BB921AABF451002F1A83 /* HackerNewsToday.appex */,
			);
			name = Products;
			sourceTree = "<group>";
		};
		804853E61A89166D008C0D75 /* ReactiveHackerNews */ = {
			isa = PBXGroup;
			children = (
				805115E91A8A685A00E31650 /* API Clients */,
				805115E81A8A684E00E31650 /* ViewModels */,
				805115E71A8A683D00E31650 /* Views */,
				804853EB1A89166D008C0D75 /* AppDelegate.h */,
				804853EC1A89166D008C0D75 /* AppDelegate.m */,
				804853EE1A89166D008C0D75 /* ViewController.h */,
				804853EF1A89166D008C0D75 /* ViewController.m */,
				805115EA1A8B083600E31650 /* AboutTableViewController.h */,
				805115EB1A8B083600E31650 /* AboutTableViewController.m */,
				805115ED1A8B10BC00E31650 /* StoryViewController.h */,
				805115EE1A8B10BC00E31650 /* StoryViewController.m */,
				80598CAE1A9F169D000B03CE /* UIWebView+RAC.h */,
				80598CAF1A9F169D000B03CE /* UIWebView+RAC.m */,
				804853F11A89166D008C0D75 /* Main.storyboard */,
				804853F41A89166D008C0D75 /* Images.xcassets */,
				804853F61A89166D008C0D75 /* LaunchScreen.xib */,
				804853E71A89166D008C0D75 /* Supporting Files */,
			);
			path = ReactiveHackerNews;
			sourceTree = "<group>";
		};
		804853E71A89166D008C0D75 /* Supporting Files */ = {
			isa = PBXGroup;
			children = (
				804853E81A89166D008C0D75 /* Info.plist */,
				804853E91A89166D008C0D75 /* main.m */,
			);
			name = "Supporting Files";
			sourceTree = "<group>";
		};
		804854001A89166D008C0D75 /* ReactiveHackerNewsTests */ = {
			isa = PBXGroup;
			children = (
				80B8C91D1AA566E0008E5FCE /* StoryViewModelTests.m */,
				804854031A89166D008C0D75 /* ReactiveHackerNewsTests.m */,
				804854011A89166D008C0D75 /* Supporting Files */,
			);
			path = ReactiveHackerNewsTests;
			sourceTree = "<group>";
		};
		804854011A89166D008C0D75 /* Supporting Files */ = {
			isa = PBXGroup;
			children = (
				804854021A89166D008C0D75 /* Info.plist */,
			);
			name = "Supporting Files";
			sourceTree = "<group>";
		};
		8049BB951AABF451002F1A83 /* HackerNewsToday */ = {
			isa = PBXGroup;
			children = (
				8049BB981AABF451002F1A83 /* TodayViewController.h */,
				8049BB991AABF451002F1A83 /* TodayViewController.m */,
				8049BBA51AAC38CC002F1A83 /* RHNTodayCell.h */,
				8049BBA61AAC38CC002F1A83 /* RHNTodayCell.m */,
				8049BBA71AAC38CC002F1A83 /* RHNTodayCell.xib */,
				8049BB9B1AABF451002F1A83 /* MainInterface.storyboard */,
				8049BB961AABF451002F1A83 /* Supporting Files */,
			);
			path = HackerNewsToday;
			sourceTree = "<group>";
		};
		8049BB961AABF451002F1A83 /* Supporting Files */ = {
			isa = PBXGroup;
			children = (
				8049BB971AABF451002F1A83 /* Info.plist */,
			);
			name = "Supporting Files";
			sourceTree = "<group>";
		};
		805115E71A8A683D00E31650 /* Views */ = {
			isa = PBXGroup;
			children = (
				805115D61A8A3AFB00E31650 /* UIView+Nib.h */,
				805115D71A8A3AFB00E31650 /* UIView+Nib.m */,
				805115D91A8A3B0F00E31650 /* CardView.h */,
				805115DA1A8A3B0F00E31650 /* CardView.m */,
				805115DC1A8A3B1B00E31650 /* CardView.xib */,
			);
			name = Views;
			sourceTree = "<group>";
		};
		805115E81A8A684E00E31650 /* ViewModels */ = {
			isa = PBXGroup;
			children = (
				805115DE1A8A427500E31650 /* ViewModel.h */,
				805115DF1A8A427500E31650 /* ViewModel.m */,
				805115E11A8A441600E31650 /* StoryViewModel.h */,
				805115E21A8A441600E31650 /* StoryViewModel.m */,
			);
			name = ViewModels;
			sourceTree = "<group>";
		};
		805115E91A8A685A00E31650 /* API Clients */ = {
			isa = PBXGroup;
			children = (
				8056EE041A899905007FDB85 /* HNClient.h */,
				8056EE051A899905007FDB85 /* HNClient.m */,
				805115E41A8A4E8100E31650 /* ReadabilityClient.h */,
				805115E51A8A4E8100E31650 /* ReadabilityClient.m */,
			);
			name = "API Clients";
			sourceTree = "<group>";
		};
		A3705E35DDCCBA3CD01A28A8 /* Pods */ = {
			isa = PBXGroup;
			children = (
				74428AF308B1AF9ABC26B7C6 /* Pods-ReactiveHackerNews.debug.xcconfig */,
				47AF55FF918D3C2186D3604D /* Pods-ReactiveHackerNews.release.xcconfig */,
				3C6921C0EB41B1EBEDE6087E /* Pods-ReactiveHackerNewsTests.debug.xcconfig */,
				CCBA16BFBFC5987EF152A622 /* Pods-ReactiveHackerNewsTests.release.xcconfig */,
				98D9ED30658036127C26C738 /* Pods-HackerNewsToday.debug.xcconfig */,
				C2FBC8306678252020B20BFB /* Pods-HackerNewsToday.release.xcconfig */,
			);
			name = Pods;
			sourceTree = "<group>";
		};
/* End PBXGroup section */

/* Begin PBXNativeTarget section */
		804853E31A89166D008C0D75 /* ReactiveHackerNews */ = {
			isa = PBXNativeTarget;
			buildConfigurationList = 804854071A89166D008C0D75 /* Build configuration list for PBXNativeTarget "ReactiveHackerNews" */;
			buildPhases = (
				EBAB5781127666E9789AB8B4 /* Check Pods Manifest.lock */,
				804853E01A89166D008C0D75 /* Sources */,
				804853E11A89166D008C0D75 /* Frameworks */,
				804853E21A89166D008C0D75 /* Resources */,
				D74F195779BD32CE5B39AA37 /* Copy Pods Resources */,
				80BAE0CE1AA1ED75004F4242 /* ShellScript */,
				8049BBA31AABF451002F1A83 /* Embed App Extensions */,
			);
			buildRules = (
			);
			dependencies = (
				8049BB9E1AABF451002F1A83 /* PBXTargetDependency */,
			);
			name = ReactiveHackerNews;
			productName = ReactiveHackerNews;
			productReference = 804853E41A89166D008C0D75 /* ReactiveHackerNews.app */;
			productType = "com.apple.product-type.application";
		};
		804853FC1A89166D008C0D75 /* ReactiveHackerNewsTests */ = {
			isa = PBXNativeTarget;
			buildConfigurationList = 8048540A1A89166D008C0D75 /* Build configuration list for PBXNativeTarget "ReactiveHackerNewsTests" */;
			buildPhases = (
				8ED0B309493E3FF8C77F9AE7 /* Check Pods Manifest.lock */,
				804853F91A89166D008C0D75 /* Sources */,
				804853FA1A89166D008C0D75 /* Frameworks */,
				804853FB1A89166D008C0D75 /* Resources */,
				3FF317E9C22466FD14838CC1 /* Copy Pods Resources */,
			);
			buildRules = (
			);
			dependencies = (
				804853FF1A89166D008C0D75 /* PBXTargetDependency */,
			);
			name = ReactiveHackerNewsTests;
			productName = ReactiveHackerNewsTests;
			productReference = 804853FD1A89166D008C0D75 /* ReactiveHackerNewsTests.xctest */;
			productType = "com.apple.product-type.bundle.unit-test";
		};
		8049BB911AABF451002F1A83 /* HackerNewsToday */ = {
			isa = PBXNativeTarget;
			buildConfigurationList = 8049BBA21AABF451002F1A83 /* Build configuration list for PBXNativeTarget "HackerNewsToday" */;
			buildPhases = (
				B2929F2A7B14120BAF7DEAF8 /* Check Pods Manifest.lock */,
				8049BB8E1AABF451002F1A83 /* Sources */,
				8049BB8F1AABF451002F1A83 /* Frameworks */,
				8049BB901AABF451002F1A83 /* Resources */,
				000B958EC7A65107C26441AA /* Copy Pods Resources */,
			);
			buildRules = (
			);
			dependencies = (
			);
			name = HackerNewsToday;
			productName = HackerNewsToday;
			productReference = 8049BB921AABF451002F1A83 /* HackerNewsToday.appex */;
			productType = "com.apple.product-type.app-extension";
		};
/* End PBXNativeTarget section */

/* Begin PBXProject section */
		804853DC1A89166D008C0D75 /* Project object */ = {
			isa = PBXProject;
			attributes = {
				LastUpgradeCheck = 0610;
				ORGANIZATIONNAME = "Intelligent Gadget";
				TargetAttributes = {
					804853E31A89166D008C0D75 = {
						CreatedOnToolsVersion = 6.1.1;
					};
					804853FC1A89166D008C0D75 = {
						CreatedOnToolsVersion = 6.1.1;
						TestTargetID = 804853E31A89166D008C0D75;
					};
					8049BB911AABF451002F1A83 = {
						CreatedOnToolsVersion = 6.1.1;
						DevelopmentTeam = B89DDD6AUG;
					};
				};
			};
			buildConfigurationList = 804853DF1A89166D008C0D75 /* Build configuration list for PBXProject "ReactiveHackerNews" */;
			compatibilityVersion = "Xcode 3.2";
			developmentRegion = English;
			hasScannedForEncodings = 0;
			knownRegions = (
				en,
				Base,
			);
			mainGroup = 804853DB1A89166D008C0D75;
			productRefGroup = 804853E51A89166D008C0D75 /* Products */;
			projectDirPath = "";
			projectRoot = "";
			targets = (
				804853E31A89166D008C0D75 /* ReactiveHackerNews */,
				804853FC1A89166D008C0D75 /* ReactiveHackerNewsTests */,
				8049BB911AABF451002F1A83 /* HackerNewsToday */,
			);
		};
/* End PBXProject section */

/* Begin PBXResourcesBuildPhase section */
		804853E21A89166D008C0D75 /* Resources */ = {
			isa = PBXResourcesBuildPhase;
			buildActionMask = 2147483647;
			files = (
				804853F31A89166D008C0D75 /* Main.storyboard in Resources */,
				804853F81A89166D008C0D75 /* LaunchScreen.xib in Resources */,
				805115DD1A8A3B1B00E31650 /* CardView.xib in Resources */,
				804853F51A89166D008C0D75 /* Images.xcassets in Resources */,
			);
			runOnlyForDeploymentPostprocessing = 0;
		};
		804853FB1A89166D008C0D75 /* Resources */ = {
			isa = PBXResourcesBuildPhase;
			buildActionMask = 2147483647;
			files = (
			);
			runOnlyForDeploymentPostprocessing = 0;
		};
		8049BB901AABF451002F1A83 /* Resources */ = {
			isa = PBXResourcesBuildPhase;
			buildActionMask = 2147483647;
			files = (
				80B5592F1AAC77AD003A8C62 /* Images.xcassets in Resources */,
				8049BBA91AAC38CC002F1A83 /* RHNTodayCell.xib in Resources */,
				8049BB9C1AABF451002F1A83 /* MainInterface.storyboard in Resources */,
			);
			runOnlyForDeploymentPostprocessing = 0;
		};
/* End PBXResourcesBuildPhase section */

/* Begin PBXShellScriptBuildPhase section */
		000B958EC7A65107C26441AA /* Copy Pods Resources */ = {
			isa = PBXShellScriptBuildPhase;
			buildActionMask = 2147483647;
			files = (
			);
			inputPaths = (
			);
			name = "Copy Pods Resources";
			outputPaths = (
			);
			runOnlyForDeploymentPostprocessing = 0;
			shellPath = /bin/sh;
			shellScript = "\"${SRCROOT}/Pods/Target Support Files/Pods-HackerNewsToday/Pods-HackerNewsToday-resources.sh\"\n";
			showEnvVarsInLog = 0;
		};
		3FF317E9C22466FD14838CC1 /* Copy Pods Resources */ = {
			isa = PBXShellScriptBuildPhase;
			buildActionMask = 2147483647;
			files = (
			);
			inputPaths = (
			);
			name = "Copy Pods Resources";
			outputPaths = (
			);
			runOnlyForDeploymentPostprocessing = 0;
			shellPath = /bin/sh;
			shellScript = "\"${SRCROOT}/Pods/Target Support Files/Pods-ReactiveHackerNewsTests/Pods-ReactiveHackerNewsTests-resources.sh\"\n";
			showEnvVarsInLog = 0;
		};
		80BAE0CE1AA1ED75004F4242 /* ShellScript */ = {
			isa = PBXShellScriptBuildPhase;
			buildActionMask = 2147483647;
			files = (
			);
			inputPaths = (
			);
			outputPaths = (
			);
			runOnlyForDeploymentPostprocessing = 0;
			shellPath = /bin/sh;
			shellScript = "./Fabric.framework/run 3a4e9829064aea01fce983e8a8284f5b93965fb0 abb838497d960700471223f8fb0f1e36515bfa27da3bc8d6ac30d0db20837eed";
		};
		8ED0B309493E3FF8C77F9AE7 /* Check Pods Manifest.lock */ = {
			isa = PBXShellScriptBuildPhase;
			buildActionMask = 2147483647;
			files = (
			);
			inputPaths = (
			);
			name = "Check Pods Manifest.lock";
			outputPaths = (
			);
			runOnlyForDeploymentPostprocessing = 0;
			shellPath = /bin/sh;
			shellScript = "diff \"${PODS_ROOT}/../Podfile.lock\" \"${PODS_ROOT}/Manifest.lock\" > /dev/null\nif [[ $? != 0 ]] ; then\n    cat << EOM\nerror: The sandbox is not in sync with the Podfile.lock. Run 'pod install' or update your CocoaPods installation.\nEOM\n    exit 1\nfi\n";
			showEnvVarsInLog = 0;
		};
		B2929F2A7B14120BAF7DEAF8 /* Check Pods Manifest.lock */ = {
			isa = PBXShellScriptBuildPhase;
			buildActionMask = 2147483647;
			files = (
			);
			inputPaths = (
			);
			name = "Check Pods Manifest.lock";
			outputPaths = (
			);
			runOnlyForDeploymentPostprocessing = 0;
			shellPath = /bin/sh;
			shellScript = "diff \"${PODS_ROOT}/../Podfile.lock\" \"${PODS_ROOT}/Manifest.lock\" > /dev/null\nif [[ $? != 0 ]] ; then\n    cat << EOM\nerror: The sandbox is not in sync with the Podfile.lock. Run 'pod install' or update your CocoaPods installation.\nEOM\n    exit 1\nfi\n";
			showEnvVarsInLog = 0;
		};
		D74F195779BD32CE5B39AA37 /* Copy Pods Resources */ = {
			isa = PBXShellScriptBuildPhase;
			buildActionMask = 2147483647;
			files = (
			);
			inputPaths = (
			);
			name = "Copy Pods Resources";
			outputPaths = (
			);
			runOnlyForDeploymentPostprocessing = 0;
			shellPath = /bin/sh;
			shellScript = "\"${SRCROOT}/Pods/Target Support Files/Pods-ReactiveHackerNews/Pods-ReactiveHackerNews-resources.sh\"\n";
			showEnvVarsInLog = 0;
		};
		EBAB5781127666E9789AB8B4 /* Check Pods Manifest.lock */ = {
			isa = PBXShellScriptBuildPhase;
			buildActionMask = 2147483647;
			files = (
			);
			inputPaths = (
			);
			name = "Check Pods Manifest.lock";
			outputPaths = (
			);
			runOnlyForDeploymentPostprocessing = 0;
			shellPath = /bin/sh;
			shellScript = "diff \"${PODS_ROOT}/../Podfile.lock\" \"${PODS_ROOT}/Manifest.lock\" > /dev/null\nif [[ $? != 0 ]] ; then\n    cat << EOM\nerror: The sandbox is not in sync with the Podfile.lock. Run 'pod install' or update your CocoaPods installation.\nEOM\n    exit 1\nfi\n";
			showEnvVarsInLog = 0;
		};
/* End PBXShellScriptBuildPhase section */

/* Begin PBXSourcesBuildPhase section */
		804853E01A89166D008C0D75 /* Sources */ = {
			isa = PBXSourcesBuildPhase;
			buildActionMask = 2147483647;
			files = (
				805115EF1A8B10BC00E31650 /* StoryViewController.m in Sources */,
				805115DB1A8A3B0F00E31650 /* CardView.m in Sources */,
				804853F01A89166D008C0D75 /* ViewController.m in Sources */,
				804853ED1A89166D008C0D75 /* AppDelegate.m in Sources */,
				805115D81A8A3AFB00E31650 /* UIView+Nib.m in Sources */,
				8056EE061A899905007FDB85 /* HNClient.m in Sources */,
				804853EA1A89166D008C0D75 /* main.m in Sources */,
				805115E31A8A441600E31650 /* StoryViewModel.m in Sources */,
				805115EC1A8B083600E31650 /* AboutTableViewController.m in Sources */,
				805115E01A8A427500E31650 /* ViewModel.m in Sources */,
				80598CB01A9F169D000B03CE /* UIWebView+RAC.m in Sources */,
				805115E61A8A4E8100E31650 /* ReadabilityClient.m in Sources */,
			);
			runOnlyForDeploymentPostprocessing = 0;
		};
		804853F91A89166D008C0D75 /* Sources */ = {
			isa = PBXSourcesBuildPhase;
			buildActionMask = 2147483647;
			files = (
				80B8C9211AA56B9D008E5FCE /* ReadabilityClient.m in Sources */,
				80B8C9201AA56B91008E5FCE /* HNClient.m in Sources */,
				80B8C91F1AA5674F008E5FCE /* StoryViewModel.m in Sources */,
				80B8C91E1AA566E0008E5FCE /* StoryViewModelTests.m in Sources */,
				804854041A89166D008C0D75 /* ReactiveHackerNewsTests.m in Sources */,
			);
			runOnlyForDeploymentPostprocessing = 0;
		};
		8049BB8E1AABF451002F1A83 /* Sources */ = {
			isa = PBXSourcesBuildPhase;
			buildActionMask = 2147483647;
			files = (
				8049BBA41AAC331F002F1A83 /* HNClient.m in Sources */,
				8049BBA81AAC38CC002F1A83 /* RHNTodayCell.m in Sources */,
				8049BB9A1AABF451002F1A83 /* TodayViewController.m in Sources */,
			);
			runOnlyForDeploymentPostprocessing = 0;
		};
/* End PBXSourcesBuildPhase section */

/* Begin PBXTargetDependency section */
		804853FF1A89166D008C0D75 /* PBXTargetDependency */ = {
			isa = PBXTargetDependency;
			target = 804853E31A89166D008C0D75 /* ReactiveHackerNews */;
			targetProxy = 804853FE1A89166D008C0D75 /* PBXContainerItemProxy */;
		};
		8049BB9E1AABF451002F1A83 /* PBXTargetDependency */ = {
			isa = PBXTargetDependency;
			target = 8049BB911AABF451002F1A83 /* HackerNewsToday */;
			targetProxy = 8049BB9D1AABF451002F1A83 /* PBXContainerItemProxy */;
		};
/* End PBXTargetDependency section */

/* Begin PBXVariantGroup section */
		804853F11A89166D008C0D75 /* Main.storyboard */ = {
			isa = PBXVariantGroup;
			children = (
				804853F21A89166D008C0D75 /* Base */,
			);
			name = Main.storyboard;
			sourceTree = "<group>";
		};
		804853F61A89166D008C0D75 /* LaunchScreen.xib */ = {
			isa = PBXVariantGroup;
			children = (
				804853F71A89166D008C0D75 /* Base */,
			);
			name = LaunchScreen.xib;
			sourceTree = "<group>";
		};
/* End PBXVariantGroup section */

/* Begin XCBuildConfiguration section */
		804854051A89166D008C0D75 /* Debug */ = {
			isa = XCBuildConfiguration;
			buildSettings = {
				ALWAYS_SEARCH_USER_PATHS = NO;
				CLANG_CXX_LANGUAGE_STANDARD = "gnu++0x";
				CLANG_CXX_LIBRARY = "libc++";
				CLANG_ENABLE_MODULES = YES;
				CLANG_ENABLE_OBJC_ARC = YES;
				CLANG_WARN_BOOL_CONVERSION = YES;
				CLANG_WARN_CONSTANT_CONVERSION = YES;
				CLANG_WARN_DIRECT_OBJC_ISA_USAGE = YES_ERROR;
				CLANG_WARN_EMPTY_BODY = YES;
				CLANG_WARN_ENUM_CONVERSION = YES;
				CLANG_WARN_INT_CONVERSION = YES;
				CLANG_WARN_OBJC_ROOT_CLASS = YES_ERROR;
				CLANG_WARN_UNREACHABLE_CODE = YES;
				CLANG_WARN__DUPLICATE_METHOD_MATCH = YES;
				"CODE_SIGN_IDENTITY[sdk=iphoneos*]" = "iPhone Developer";
				COPY_PHASE_STRIP = NO;
				ENABLE_STRICT_OBJC_MSGSEND = YES;
				GCC_C_LANGUAGE_STANDARD = gnu99;
				GCC_DYNAMIC_NO_PIC = NO;
				GCC_OPTIMIZATION_LEVEL = 0;
				GCC_PREPROCESSOR_DEFINITIONS = (
					"DEBUG=1",
					"$(inherited)",
				);
				GCC_SYMBOLS_PRIVATE_EXTERN = NO;
				GCC_WARN_64_TO_32_BIT_CONVERSION = YES;
				GCC_WARN_ABOUT_RETURN_TYPE = YES_ERROR;
				GCC_WARN_UNDECLARED_SELECTOR = YES;
				GCC_WARN_UNINITIALIZED_AUTOS = YES_AGGRESSIVE;
				GCC_WARN_UNUSED_FUNCTION = YES;
				GCC_WARN_UNUSED_VARIABLE = YES;
				IPHONEOS_DEPLOYMENT_TARGET = 8.1;
				MTL_ENABLE_DEBUG_INFO = YES;
				ONLY_ACTIVE_ARCH = YES;
				SDKROOT = iphoneos;
				TARGETED_DEVICE_FAMILY = "1,2";
			};
			name = Debug;
		};
		804854061A89166D008C0D75 /* Release */ = {
			isa = XCBuildConfiguration;
			buildSettings = {
				ALWAYS_SEARCH_USER_PATHS = NO;
				CLANG_CXX_LANGUAGE_STANDARD = "gnu++0x";
				CLANG_CXX_LIBRARY = "libc++";
				CLANG_ENABLE_MODULES = YES;
				CLANG_ENABLE_OBJC_ARC = YES;
				CLANG_WARN_BOOL_CONVERSION = YES;
				CLANG_WARN_CONSTANT_CONVERSION = YES;
				CLANG_WARN_DIRECT_OBJC_ISA_USAGE = YES_ERROR;
				CLANG_WARN_EMPTY_BODY = YES;
				CLANG_WARN_ENUM_CONVERSION = YES;
				CLANG_WARN_INT_CONVERSION = YES;
				CLANG_WARN_OBJC_ROOT_CLASS = YES_ERROR;
				CLANG_WARN_UNREACHABLE_CODE = YES;
				CLANG_WARN__DUPLICATE_METHOD_MATCH = YES;
				"CODE_SIGN_IDENTITY[sdk=iphoneos*]" = "iPhone Developer";
				COPY_PHASE_STRIP = YES;
				ENABLE_NS_ASSERTIONS = NO;
				ENABLE_STRICT_OBJC_MSGSEND = YES;
				GCC_C_LANGUAGE_STANDARD = gnu99;
				GCC_WARN_64_TO_32_BIT_CONVERSION = YES;
				GCC_WARN_ABOUT_RETURN_TYPE = YES_ERROR;
				GCC_WARN_UNDECLARED_SELECTOR = YES;
				GCC_WARN_UNINITIALIZED_AUTOS = YES_AGGRESSIVE;
				GCC_WARN_UNUSED_FUNCTION = YES;
				GCC_WARN_UNUSED_VARIABLE = YES;
				IPHONEOS_DEPLOYMENT_TARGET = 8.1;
				MTL_ENABLE_DEBUG_INFO = NO;
				SDKROOT = iphoneos;
				TARGETED_DEVICE_FAMILY = "1,2";
				VALIDATE_PRODUCT = YES;
			};
			name = Release;
		};
		804854081A89166D008C0D75 /* Debug */ = {
			isa = XCBuildConfiguration;
			baseConfigurationReference = 74428AF308B1AF9ABC26B7C6 /* Pods-ReactiveHackerNews.debug.xcconfig */;
			buildSettings = {
				ASSETCATALOG_COMPILER_APPICON_NAME = AppIcon;
				CURRENT_PROJECT_VERSION = 4;
				FRAMEWORK_SEARCH_PATHS = (
					"$(inherited)",
					"$(PROJECT_DIR)",
				);
				INFOPLIST_FILE = ReactiveHackerNews/Info.plist;
				IPHONEOS_DEPLOYMENT_TARGET = 8.0;
				LD_RUNPATH_SEARCH_PATHS = "$(inherited) @executable_path/Frameworks";
				PRODUCT_NAME = "$(TARGET_NAME)";
				TARGETED_DEVICE_FAMILY = 1;
				VERSIONING_SYSTEM = "apple-generic";
			};
			name = Debug;
		};
		804854091A89166D008C0D75 /* Release */ = {
			isa = XCBuildConfiguration;
			baseConfigurationReference = 47AF55FF918D3C2186D3604D /* Pods-ReactiveHackerNews.release.xcconfig */;
			buildSettings = {
				ASSETCATALOG_COMPILER_APPICON_NAME = AppIcon;
				CURRENT_PROJECT_VERSION = 4;
				FRAMEWORK_SEARCH_PATHS = (
					"$(inherited)",
					"$(PROJECT_DIR)",
				);
				INFOPLIST_FILE = ReactiveHackerNews/Info.plist;
				IPHONEOS_DEPLOYMENT_TARGET = 8.0;
				LD_RUNPATH_SEARCH_PATHS = "$(inherited) @executable_path/Frameworks";
				PRODUCT_NAME = "$(TARGET_NAME)";
				TARGETED_DEVICE_FAMILY = 1;
				VERSIONING_SYSTEM = "apple-generic";
			};
			name = Release;
		};
		8048540B1A89166D008C0D75 /* Debug */ = {
			isa = XCBuildConfiguration;
			baseConfigurationReference = 3C6921C0EB41B1EBEDE6087E /* Pods-ReactiveHackerNewsTests.debug.xcconfig */;
			buildSettings = {
				BUNDLE_LOADER = "$(TEST_HOST)";
				FRAMEWORK_SEARCH_PATHS = (
					"$(SDKROOT)/Developer/Library/Frameworks",
					"$(inherited)",
				);
				GCC_PREPROCESSOR_DEFINITIONS = (
					"DEBUG=1",
					"$(inherited)",
				);
				INFOPLIST_FILE = ReactiveHackerNewsTests/Info.plist;
				LD_RUNPATH_SEARCH_PATHS = "$(inherited) @executable_path/Frameworks @loader_path/Frameworks";
				PRODUCT_NAME = "$(TARGET_NAME)";
				TEST_HOST = "$(BUILT_PRODUCTS_DIR)/ReactiveHackerNews.app/ReactiveHackerNews";
			};
			name = Debug;
		};
		8048540C1A89166D008C0D75 /* Release */ = {
			isa = XCBuildConfiguration;
			baseConfigurationReference = CCBA16BFBFC5987EF152A622 /* Pods-ReactiveHackerNewsTests.release.xcconfig */;
			buildSettings = {
				BUNDLE_LOADER = "$(TEST_HOST)";
				FRAMEWORK_SEARCH_PATHS = (
					"$(SDKROOT)/Developer/Library/Frameworks",
					"$(inherited)",
				);
				INFOPLIST_FILE = ReactiveHackerNewsTests/Info.plist;
				LD_RUNPATH_SEARCH_PATHS = "$(inherited) @executable_path/Frameworks @loader_path/Frameworks";
				PRODUCT_NAME = "$(TARGET_NAME)";
				TEST_HOST = "$(BUILT_PRODUCTS_DIR)/ReactiveHackerNews.app/ReactiveHackerNews";
			};
			name = Release;
		};
		8049BBA01AABF451002F1A83 /* Debug */ = {
			isa = XCBuildConfiguration;
			baseConfigurationReference = 98D9ED30658036127C26C738 /* Pods-HackerNewsToday.debug.xcconfig */;
			buildSettings = {
				CODE_SIGN_IDENTITY = "iPhone Developer";
				GCC_PREPROCESSOR_DEFINITIONS = (
					"DEBUG=1",
					"$(inherited)",
				);
				INFOPLIST_FILE = HackerNewsToday/Info.plist;
				IPHONEOS_DEPLOYMENT_TARGET = 8.0;
				LD_RUNPATH_SEARCH_PATHS = "$(inherited) @executable_path/Frameworks @executable_path/../../Frameworks";
				PRODUCT_NAME = "$(TARGET_NAME)";
				SKIP_INSTALL = YES;
			};
			name = Debug;
		};
		8049BBA11AABF451002F1A83 /* Release */ = {
			isa = XCBuildConfiguration;
			baseConfigurationReference = C2FBC8306678252020B20BFB /* Pods-HackerNewsToday.release.xcconfig */;
			buildSettings = {
				CODE_SIGN_IDENTITY = "iPhone Developer";
				INFOPLIST_FILE = HackerNewsToday/Info.plist;
				IPHONEOS_DEPLOYMENT_TARGET = 8.0;
				LD_RUNPATH_SEARCH_PATHS = "$(inherited) @executable_path/Frameworks @executable_path/../../Frameworks";
				PRODUCT_NAME = "$(TARGET_NAME)";
				SKIP_INSTALL = YES;
			};
			name = Release;
		};
/* End XCBuildConfiguration section */

/* Begin XCConfigurationList section */
		804853DF1A89166D008C0D75 /* Build configuration list for PBXProject "ReactiveHackerNews" */ = {
			isa = XCConfigurationList;
			buildConfigurations = (
				804854051A89166D008C0D75 /* Debug */,
				804854061A89166D008C0D75 /* Release */,
			);
			defaultConfigurationIsVisible = 0;
			defaultConfigurationName = Release;
		};
		804854071A89166D008C0D75 /* Build configuration list for PBXNativeTarget "ReactiveHackerNews" */ = {
			isa = XCConfigurationList;
			buildConfigurations = (
				804854081A89166D008C0D75 /* Debug */,
				804854091A89166D008C0D75 /* Release */,
			);
			defaultConfigurationIsVisible = 0;
			defaultConfigurationName = Release;
		};
		8048540A1A89166D008C0D75 /* Build configuration list for PBXNativeTarget "ReactiveHackerNewsTests" */ = {
			isa = XCConfigurationList;
			buildConfigurations = (
				8048540B1A89166D008C0D75 /* Debug */,
				8048540C1A89166D008C0D75 /* Release */,
			);
			defaultConfigurationIsVisible = 0;
			defaultConfigurationName = Release;
		};
		8049BBA21AABF451002F1A83 /* Build configuration list for PBXNativeTarget "HackerNewsToday" */ = {
			isa = XCConfigurationList;
			buildConfigurations = (
				8049BBA01AABF451002F1A83 /* Debug */,
				8049BBA11AABF451002F1A83 /* Release */,
			);
			defaultConfigurationIsVisible = 0;
			defaultConfigurationName = Release;
		};
/* End XCConfigurationList section */
	};
	rootObject = 804853DC1A89166D008C0D75 /* Project object */;
}
